
Microsoft Visual Studio Solution File, Format Version 12.00
# Visual Studio Version 17
VisualStudioVersion = 17.10.35013.160
MinimumVisualStudioVersion = 10.0.40219.1
Project("{FAE04EC0-301F-11D3-BF4B-00C04F79EFBC}") = "CartAssistant", "CartAssistant\CartAssistant.csproj", "{9A72B37D-AA4E-4B1D-942C-100B618A1215}"
EndProject
Global
	GlobalSection(SolutionConfigurationPlatforms) = preSolution
		Debug|Any CPU = Debug|Any CPU
		Release|Any CPU = Release|Any CPU
	EndGlobalSection
	GlobalSection(ProjectConfigurationPlatforms) = postSolution
		{9A72B37D-AA4E-4B1D-942C-100B618A1215}.Debug|Any CPU.ActiveCfg = Debug|Any CPU
		{9A72B37D-AA4E-4B1D-942C-100B618A1215}.Debug|Any CPU.Build.0 = Debug|Any CPU
		{9A72B37D-AA4E-4B1D-942C-100B618A1215}.Release|Any CPU.ActiveCfg = Release|Any CPU
		{9A72B37D-AA4E-4B1D-942C-100B618A1215}.Release|Any CPU.Build.0 = Release|Any CPU
	EndGlobalSection
	GlobalSection(SolutionProperties) = preSolution
		HideSolutionNode = FALSE
	EndGlobalSection
	GlobalSection(ExtensibilityGlobals) = postSolution
		SolutionGuid = {0B9640C9-9D73-4BE7-A92A-F0774806C6F1}
	EndGlobalSection
EndGlobal
